// !$*UTF8*$!
{
	archiveVersion = 1;
	classes = {
	};
	objectVersion = 50;
	objects = {

/* Begin PBXBuildFile section */
		5FB2429DA1BC8EB56E32314A /* Pods_shunka_shop.framework in Frameworks */ = {isa = PBXBuildFile; fileRef = F959CA8A0BC071227477926F /* Pods_shunka_shop.framework */; };
		A80C42B926640F9200935E44 /* Webservice.swift in Sources */ = {isa = PBXBuildFile; fileRef = A80C42B826640F9200935E44 /* Webservice.swift */; };
		A80C42BE26640F9A00935E44 /* Request.swift in Sources */ = {isa = PBXBuildFile; fileRef = A80C42BD26640F9A00935E44 /* Request.swift */; };
		A80C42C326640FA400935E44 /* Network.swift in Sources */ = {isa = PBXBuildFile; fileRef = A80C42C226640FA400935E44 /* Network.swift */; };
		A80C42C826640FBC00935E44 /* WebserviceError.swift in Sources */ = {isa = PBXBuildFile; fileRef = A80C42C726640FBC00935E44 /* WebserviceError.swift */; };
		A80C42CD2664101700935E44 /* HTTPMethod.swift in Sources */ = {isa = PBXBuildFile; fileRef = A80C42CC2664101700935E44 /* HTTPMethod.swift */; };
		A80C42D62664103A00935E44 /* ParameterEncoding.swift in Sources */ = {isa = PBXBuildFile; fileRef = A80C42D52664103A00935E44 /* ParameterEncoding.swift */; };
		A80C42DB2664108B00935E44 /* URLEncoding.swift in Sources */ = {isa = PBXBuildFile; fileRef = A80C42DA2664108B00935E44 /* URLEncoding.swift */; };
		A80C42E0266410CD00935E44 /* JSONEncoding.swift in Sources */ = {isa = PBXBuildFile; fileRef = A80C42DF266410CD00935E44 /* JSONEncoding.swift */; };
		A80C42EA2664114A00935E44 /* CharacterSet+Extension.swift in Sources */ = {isa = PBXBuildFile; fileRef = A80C42E92664114A00935E44 /* CharacterSet+Extension.swift */; };
		A80C4302266414A100935E44 /* ShunkaShopWebservice.swift in Sources */ = {isa = PBXBuildFile; fileRef = A80C4301266414A100935E44 /* ShunkaShopWebservice.swift */; };
		A80C430B266414F700935E44 /* ShunkaShopWebserviceError.swift in Sources */ = {isa = PBXBuildFile; fileRef = A80C430A266414F700935E44 /* ShunkaShopWebserviceError.swift */; };
		A820A0CB265CF87000767D6C /* UsernameValidator.swift in Sources */ = {isa = PBXBuildFile; fileRef = A820A0CA265CF87000767D6C /* UsernameValidator.swift */; };
		A820A0D0265CF88400767D6C /* InputValidator.swift in Sources */ = {isa = PBXBuildFile; fileRef = A820A0CF265CF88400767D6C /* InputValidator.swift */; };
		A820A0D5265CF89900767D6C /* PasswordValidator.swift in Sources */ = {isa = PBXBuildFile; fileRef = A820A0D4265CF89900767D6C /* PasswordValidator.swift */; };
		A820A0DA265CF8BB00767D6C /* UsernameError.swift in Sources */ = {isa = PBXBuildFile; fileRef = A820A0D9265CF8BB00767D6C /* UsernameError.swift */; };
		A820A0DF265CF8CF00767D6C /* PasswordError.swift in Sources */ = {isa = PBXBuildFile; fileRef = A820A0DE265CF8CF00767D6C /* PasswordError.swift */; };
		A82628AD26679AA200B49A9E /* HomeView.swift in Sources */ = {isa = PBXBuildFile; fileRef = A82628AC26679AA200B49A9E /* HomeView.swift */; };
		A82628BB26679D5800B49A9E /* ProductListView.swift in Sources */ = {isa = PBXBuildFile; fileRef = A82628BA26679D5800B49A9E /* ProductListView.swift */; };
		A82628C026679D7C00B49A9E /* OrdersListView.swift in Sources */ = {isa = PBXBuildFile; fileRef = A82628BF26679D7C00B49A9E /* OrdersListView.swift */; };
		A82628C626679E3000B49A9E /* Product.swift in Sources */ = {isa = PBXBuildFile; fileRef = A82628C526679E3000B49A9E /* Product.swift */; };
		A82628CE2667A7A400B49A9E /* Month.swift in Sources */ = {isa = PBXBuildFile; fileRef = A82628CD2667A7A400B49A9E /* Month.swift */; };
		A82628D42667A7DE00B49A9E /* ProductCell.swift in Sources */ = {isa = PBXBuildFile; fileRef = A82628D32667A7DE00B49A9E /* ProductCell.swift */; };
		A82628DF2667C04A00B49A9E /* GetProducts.swift in Sources */ = {isa = PBXBuildFile; fileRef = A82628DE2667C04A00B49A9E /* GetProducts.swift */; };
		A82628F12667C25500B49A9E /* ProductService.swift in Sources */ = {isa = PBXBuildFile; fileRef = A82628F02667C25500B49A9E /* ProductService.swift */; };
		A82628F62667C26500B49A9E /* ProductWebservice.swift in Sources */ = {isa = PBXBuildFile; fileRef = A82628F52667C26500B49A9E /* ProductWebservice.swift */; };
		A87A1A54265B969F00BCCCE4 /* Strings+Generated.swift in Sources */ = {isa = PBXBuildFile; fileRef = A87A1A53265B969F00BCCCE4 /* Strings+Generated.swift */; };
		A87A1A6F265BCDB900BCCCE4 /* Theme.swift in Sources */ = {isa = PBXBuildFile; fileRef = A87A1A6E265BCDB900BCCCE4 /* Theme.swift */; };
		A87A1A77265BCDD700BCCCE4 /* DefaultTheme.swift in Sources */ = {isa = PBXBuildFile; fileRef = A87A1A76265BCDD700BCCCE4 /* DefaultTheme.swift */; };
		A87A1A7D265BCE0300BCCCE4 /* AppConfiguration.swift in Sources */ = {isa = PBXBuildFile; fileRef = A87A1A7C265BCE0300BCCCE4 /* AppConfiguration.swift */; };
		A87A1A86265BCE5400BCCCE4 /* PrimaryButtonStyle.swift in Sources */ = {isa = PBXBuildFile; fileRef = A87A1A85265BCE5400BCCCE4 /* PrimaryButtonStyle.swift */; };
		A87A1A93265BD5EA00BCCCE4 /* Color+Theme.swift in Sources */ = {isa = PBXBuildFile; fileRef = A87A1A92265BD5EA00BCCCE4 /* Color+Theme.swift */; };
		A87A1AAA265BD86300BCCCE4 /* UnderlinedTextField.swift in Sources */ = {isa = PBXBuildFile; fileRef = A87A1AA9265BD86300BCCCE4 /* UnderlinedTextField.swift */; };
		A87A1AB2265BF60700BCCCE4 /* ErrorUnderlinedTextField.swift in Sources */ = {isa = PBXBuildFile; fileRef = A87A1AB1265BF60700BCCCE4 /* ErrorUnderlinedTextField.swift */; };
		A87A1ACF265BF79800BCCCE4 /* LoginViewModel.swift in Sources */ = {isa = PBXBuildFile; fileRef = A87A1ACE265BF79800BCCCE4 /* LoginViewModel.swift */; };
		A87BBF44266A1E4000712DF4 /* ProductListViewModel.swift in Sources */ = {isa = PBXBuildFile; fileRef = A87BBF43266A1E4000712DF4 /* ProductListViewModel.swift */; };
		A87BBF76266A559300712DF4 /* DataStorageInjector.swift in Sources */ = {isa = PBXBuildFile; fileRef = A87BBF75266A559300712DF4 /* DataStorageInjector.swift */; };
		A87BBF7F266A55B500712DF4 /* ProductStorage.swift in Sources */ = {isa = PBXBuildFile; fileRef = A87BBF7E266A55B500712DF4 /* ProductStorage.swift */; };
		A87BBF87266A55CA00712DF4 /* ProductCache.swift in Sources */ = {isa = PBXBuildFile; fileRef = A87BBF86266A55CA00712DF4 /* ProductCache.swift */; };
		A88DEDC426726BC100D87F90 /* ResponseDecoding.swift in Sources */ = {isa = PBXBuildFile; fileRef = A88DEDC326726BC100D87F90 /* ResponseDecoding.swift */; };
		A88DEDC926726BD500D87F90 /* JSONDecoding.swift in Sources */ = {isa = PBXBuildFile; fileRef = A88DEDC826726BD500D87F90 /* JSONDecoding.swift */; };
		A88DEDD026726E4600D87F90 /* ShunkaShop+Authentication.swift in Sources */ = {isa = PBXBuildFile; fileRef = A88DEDCF26726E4600D87F90 /* ShunkaShop+Authentication.swift */; };
		A88DEDD826726E6D00D87F90 /* LoginResponse.swift in Sources */ = {isa = PBXBuildFile; fileRef = A88DEDD726726E6D00D87F90 /* LoginResponse.swift */; };
		A88DEDDE26726EAA00D87F90 /* ShunkaShop+Product.swift in Sources */ = {isa = PBXBuildFile; fileRef = A88DEDDD26726EAA00D87F90 /* ShunkaShop+Product.swift */; };
		A89090362666448900B9A080 /* PresentableError.swift in Sources */ = {isa = PBXBuildFile; fileRef = A89090352666448900B9A080 /* PresentableError.swift */; };
		A890903E26664FE200B9A080 /* UserSession.swift in Sources */ = {isa = PBXBuildFile; fileRef = A890903D26664FE200B9A080 /* UserSession.swift */; };
		A8B248EF2657F07C0041B58C /* shunka_shopApp.swift in Sources */ = {isa = PBXBuildFile; fileRef = A8B248EE2657F07C0041B58C /* shunka_shopApp.swift */; };
		A8B248F12657F07C0041B58C /* ContentView.swift in Sources */ = {isa = PBXBuildFile; fileRef = A8B248F02657F07C0041B58C /* ContentView.swift */; };
		A8B248F32657F07D0041B58C /* Assets.xcassets in Resources */ = {isa = PBXBuildFile; fileRef = A8B248F22657F07D0041B58C /* Assets.xcassets */; };
		A8B248F62657F07D0041B58C /* Preview Assets.xcassets in Resources */ = {isa = PBXBuildFile; fileRef = A8B248F52657F07D0041B58C /* Preview Assets.xcassets */; };
		A8B249012657F07E0041B58C /* shunka_shopTests.swift in Sources */ = {isa = PBXBuildFile; fileRef = A8B249002657F07E0041B58C /* shunka_shopTests.swift */; };
		A8B2490C2657F07E0041B58C /* shunka_shopUITests.swift in Sources */ = {isa = PBXBuildFile; fileRef = A8B2490B2657F07E0041B58C /* shunka_shopUITests.swift */; };
		A8B249212657F5000041B58C /* LoginView.swift in Sources */ = {isa = PBXBuildFile; fileRef = A8B249202657F5000041B58C /* LoginView.swift */; };
		A8B249332657F8320041B58C /* Localizable.strings in Resources */ = {isa = PBXBuildFile; fileRef = A8B249352657F8320041B58C /* Localizable.strings */; };
		A8DAE99A26675E4700508CE0 /* ActivityIndicatorView.swift in Sources */ = {isa = PBXBuildFile; fileRef = A8DAE99926675E4700508CE0 /* ActivityIndicatorView.swift */; };
		A8EC06942664F9190047F5A7 /* AppConfigError.swift in Sources */ = {isa = PBXBuildFile; fileRef = A8EC06932664F9190047F5A7 /* AppConfigError.swift */; };
		A8EC06A926661EA40047F5A7 /* ServiceInjector.swift in Sources */ = {isa = PBXBuildFile; fileRef = A8EC06A826661EA40047F5A7 /* ServiceInjector.swift */; };
		A8EC06AF26661EC60047F5A7 /* AuthenticationService.swift in Sources */ = {isa = PBXBuildFile; fileRef = A8EC06AE26661EC60047F5A7 /* AuthenticationService.swift */; };
		A8EC06B426661EDE0047F5A7 /* AuthenticationWebservice.swift in Sources */ = {isa = PBXBuildFile; fileRef = A8EC06B326661EDE0047F5A7 /* AuthenticationWebservice.swift */; };
		A8EC06BA26661F020047F5A7 /* UseCase.swift in Sources */ = {isa = PBXBuildFile; fileRef = A8EC06B926661F020047F5A7 /* UseCase.swift */; };
		A8EC06BF26661F150047F5A7 /* Login.swift in Sources */ = {isa = PBXBuildFile; fileRef = A8EC06BE26661F150047F5A7 /* Login.swift */; };
		A8EC06CB2666239D0047F5A7 /* SecureUnderlinedTextField.swift in Sources */ = {isa = PBXBuildFile; fileRef = A8EC06CA2666239D0047F5A7 /* SecureUnderlinedTextField.swift */; };
		A8EC06D0266623BD0047F5A7 /* SecureErrorTextField.swift in Sources */ = {isa = PBXBuildFile; fileRef = A8EC06CF266623BD0047F5A7 /* SecureErrorTextField.swift */; };
/* End PBXBuildFile section */

/* Begin PBXContainerItemProxy section */
		A8B248FD2657F07E0041B58C /* PBXContainerItemProxy */ = {
			isa = PBXContainerItemProxy;
			containerPortal = A8B248E32657F07C0041B58C /* Project object */;
			proxyType = 1;
			remoteGlobalIDString = A8B248EA2657F07C0041B58C;
			remoteInfo = "shunka-shop";
		};
		A8B249082657F07E0041B58C /* PBXContainerItemProxy */ = {
			isa = PBXContainerItemProxy;
			containerPortal = A8B248E32657F07C0041B58C /* Project object */;
			proxyType = 1;
			remoteGlobalIDString = A8B248EA2657F07C0041B58C;
			remoteInfo = "shunka-shop";
		};
/* End PBXContainerItemProxy section */

/* Begin PBXFileReference section */
		421FDB19788A6AB8A55B6AFC /* Pods-shunka-shop.release.xcconfig */ = {isa = PBXFileReference; includeInIndex = 1; lastKnownFileType = text.xcconfig; name = "Pods-shunka-shop.release.xcconfig"; path = "Target Support Files/Pods-shunka-shop/Pods-shunka-shop.release.xcconfig"; sourceTree = "<group>"; };
		A80C42B826640F9200935E44 /* Webservice.swift */ = {isa = PBXFileReference; lastKnownFileType = sourcecode.swift; path = Webservice.swift; sourceTree = "<group>"; };
		A80C42BD26640F9A00935E44 /* Request.swift */ = {isa = PBXFileReference; lastKnownFileType = sourcecode.swift; path = Request.swift; sourceTree = "<group>"; };
		A80C42C226640FA400935E44 /* Network.swift */ = {isa = PBXFileReference; lastKnownFileType = sourcecode.swift; path = Network.swift; sourceTree = "<group>"; };
		A80C42C726640FBC00935E44 /* WebserviceError.swift */ = {isa = PBXFileReference; lastKnownFileType = sourcecode.swift; path = WebserviceError.swift; sourceTree = "<group>"; };
		A80C42CC2664101700935E44 /* HTTPMethod.swift */ = {isa = PBXFileReference; lastKnownFileType = sourcecode.swift; path = HTTPMethod.swift; sourceTree = "<group>"; };
		A80C42D52664103A00935E44 /* ParameterEncoding.swift */ = {isa = PBXFileReference; lastKnownFileType = sourcecode.swift; path = ParameterEncoding.swift; sourceTree = "<group>"; };
		A80C42DA2664108B00935E44 /* URLEncoding.swift */ = {isa = PBXFileReference; lastKnownFileType = sourcecode.swift; path = URLEncoding.swift; sourceTree = "<group>"; };
		A80C42DF266410CD00935E44 /* JSONEncoding.swift */ = {isa = PBXFileReference; lastKnownFileType = sourcecode.swift; path = JSONEncoding.swift; sourceTree = "<group>"; };
		A80C42E92664114A00935E44 /* CharacterSet+Extension.swift */ = {isa = PBXFileReference; lastKnownFileType = sourcecode.swift; path = "CharacterSet+Extension.swift"; sourceTree = "<group>"; };
		A80C4301266414A100935E44 /* ShunkaShopWebservice.swift */ = {isa = PBXFileReference; lastKnownFileType = sourcecode.swift; path = ShunkaShopWebservice.swift; sourceTree = "<group>"; };
		A80C430A266414F700935E44 /* ShunkaShopWebserviceError.swift */ = {isa = PBXFileReference; lastKnownFileType = sourcecode.swift; path = ShunkaShopWebserviceError.swift; sourceTree = "<group>"; };
		A820A0CA265CF87000767D6C /* UsernameValidator.swift */ = {isa = PBXFileReference; lastKnownFileType = sourcecode.swift; path = UsernameValidator.swift; sourceTree = "<group>"; };
		A820A0CF265CF88400767D6C /* InputValidator.swift */ = {isa = PBXFileReference; lastKnownFileType = sourcecode.swift; path = InputValidator.swift; sourceTree = "<group>"; };
		A820A0D4265CF89900767D6C /* PasswordValidator.swift */ = {isa = PBXFileReference; lastKnownFileType = sourcecode.swift; path = PasswordValidator.swift; sourceTree = "<group>"; };
		A820A0D9265CF8BB00767D6C /* UsernameError.swift */ = {isa = PBXFileReference; lastKnownFileType = sourcecode.swift; path = UsernameError.swift; sourceTree = "<group>"; };
		A820A0DE265CF8CF00767D6C /* PasswordError.swift */ = {isa = PBXFileReference; lastKnownFileType = sourcecode.swift; path = PasswordError.swift; sourceTree = "<group>"; };
		A82628AC26679AA200B49A9E /* HomeView.swift */ = {isa = PBXFileReference; lastKnownFileType = sourcecode.swift; path = HomeView.swift; sourceTree = "<group>"; };
		A82628BA26679D5800B49A9E /* ProductListView.swift */ = {isa = PBXFileReference; lastKnownFileType = sourcecode.swift; path = ProductListView.swift; sourceTree = "<group>"; };
		A82628BF26679D7C00B49A9E /* OrdersListView.swift */ = {isa = PBXFileReference; lastKnownFileType = sourcecode.swift; path = OrdersListView.swift; sourceTree = "<group>"; };
		A82628C526679E3000B49A9E /* Product.swift */ = {isa = PBXFileReference; lastKnownFileType = sourcecode.swift; path = Product.swift; sourceTree = "<group>"; };
		A82628CD2667A7A400B49A9E /* Month.swift */ = {isa = PBXFileReference; lastKnownFileType = sourcecode.swift; path = Month.swift; sourceTree = "<group>"; };
		A82628D32667A7DE00B49A9E /* ProductCell.swift */ = {isa = PBXFileReference; lastKnownFileType = sourcecode.swift; path = ProductCell.swift; sourceTree = "<group>"; };
		A82628DE2667C04A00B49A9E /* GetProducts.swift */ = {isa = PBXFileReference; lastKnownFileType = sourcecode.swift; path = GetProducts.swift; sourceTree = "<group>"; };
		A82628F02667C25500B49A9E /* ProductService.swift */ = {isa = PBXFileReference; lastKnownFileType = sourcecode.swift; path = ProductService.swift; sourceTree = "<group>"; };
		A82628F52667C26500B49A9E /* ProductWebservice.swift */ = {isa = PBXFileReference; lastKnownFileType = sourcecode.swift; path = ProductWebservice.swift; sourceTree = "<group>"; };
		A87A1A53265B969F00BCCCE4 /* Strings+Generated.swift */ = {isa = PBXFileReference; fileEncoding = 4; lastKnownFileType = sourcecode.swift; path = "Strings+Generated.swift"; sourceTree = "<group>"; };
		A87A1A6E265BCDB900BCCCE4 /* Theme.swift */ = {isa = PBXFileReference; lastKnownFileType = sourcecode.swift; path = Theme.swift; sourceTree = "<group>"; };
		A87A1A76265BCDD700BCCCE4 /* DefaultTheme.swift */ = {isa = PBXFileReference; lastKnownFileType = sourcecode.swift; path = DefaultTheme.swift; sourceTree = "<group>"; };
		A87A1A7C265BCE0300BCCCE4 /* AppConfiguration.swift */ = {isa = PBXFileReference; lastKnownFileType = sourcecode.swift; path = AppConfiguration.swift; sourceTree = "<group>"; };
		A87A1A85265BCE5400BCCCE4 /* PrimaryButtonStyle.swift */ = {isa = PBXFileReference; lastKnownFileType = sourcecode.swift; path = PrimaryButtonStyle.swift; sourceTree = "<group>"; };
		A87A1A92265BD5EA00BCCCE4 /* Color+Theme.swift */ = {isa = PBXFileReference; lastKnownFileType = sourcecode.swift; path = "Color+Theme.swift"; sourceTree = "<group>"; };
		A87A1AA9265BD86300BCCCE4 /* UnderlinedTextField.swift */ = {isa = PBXFileReference; lastKnownFileType = sourcecode.swift; path = UnderlinedTextField.swift; sourceTree = "<group>"; };
		A87A1AB1265BF60700BCCCE4 /* ErrorUnderlinedTextField.swift */ = {isa = PBXFileReference; lastKnownFileType = sourcecode.swift; path = ErrorUnderlinedTextField.swift; sourceTree = "<group>"; };
		A87A1ACE265BF79800BCCCE4 /* LoginViewModel.swift */ = {isa = PBXFileReference; lastKnownFileType = sourcecode.swift; path = LoginViewModel.swift; sourceTree = "<group>"; };
		A87BBF43266A1E4000712DF4 /* ProductListViewModel.swift */ = {isa = PBXFileReference; lastKnownFileType = sourcecode.swift; path = ProductListViewModel.swift; sourceTree = "<group>"; };
		A87BBF75266A559300712DF4 /* DataStorageInjector.swift */ = {isa = PBXFileReference; lastKnownFileType = sourcecode.swift; path = DataStorageInjector.swift; sourceTree = "<group>"; };
		A87BBF7E266A55B500712DF4 /* ProductStorage.swift */ = {isa = PBXFileReference; lastKnownFileType = sourcecode.swift; path = ProductStorage.swift; sourceTree = "<group>"; };
		A87BBF86266A55CA00712DF4 /* ProductCache.swift */ = {isa = PBXFileReference; lastKnownFileType = sourcecode.swift; path = ProductCache.swift; sourceTree = "<group>"; };
		A88DEDC326726BC100D87F90 /* ResponseDecoding.swift */ = {isa = PBXFileReference; lastKnownFileType = sourcecode.swift; path = ResponseDecoding.swift; sourceTree = "<group>"; };
		A88DEDC826726BD500D87F90 /* JSONDecoding.swift */ = {isa = PBXFileReference; lastKnownFileType = sourcecode.swift; path = JSONDecoding.swift; sourceTree = "<group>"; };
		A88DEDCF26726E4600D87F90 /* ShunkaShop+Authentication.swift */ = {isa = PBXFileReference; lastKnownFileType = sourcecode.swift; path = "ShunkaShop+Authentication.swift"; sourceTree = "<group>"; };
		A88DEDD726726E6D00D87F90 /* LoginResponse.swift */ = {isa = PBXFileReference; lastKnownFileType = sourcecode.swift; path = LoginResponse.swift; sourceTree = "<group>"; };
		A88DEDDD26726EAA00D87F90 /* ShunkaShop+Product.swift */ = {isa = PBXFileReference; lastKnownFileType = sourcecode.swift; path = "ShunkaShop+Product.swift"; sourceTree = "<group>"; };
		A89090352666448900B9A080 /* PresentableError.swift */ = {isa = PBXFileReference; lastKnownFileType = sourcecode.swift; path = PresentableError.swift; sourceTree = "<group>"; };
		A890903D26664FE200B9A080 /* UserSession.swift */ = {isa = PBXFileReference; lastKnownFileType = sourcecode.swift; path = UserSession.swift; sourceTree = "<group>"; };
		A8B248EB2657F07C0041B58C /* shunka-shop.app */ = {isa = PBXFileReference; explicitFileType = wrapper.application; includeInIndex = 0; path = "shunka-shop.app"; sourceTree = BUILT_PRODUCTS_DIR; };
		A8B248EE2657F07C0041B58C /* shunka_shopApp.swift */ = {isa = PBXFileReference; lastKnownFileType = sourcecode.swift; path = shunka_shopApp.swift; sourceTree = "<group>"; };
		A8B248F02657F07C0041B58C /* ContentView.swift */ = {isa = PBXFileReference; lastKnownFileType = sourcecode.swift; path = ContentView.swift; sourceTree = "<group>"; };
		A8B248F22657F07D0041B58C /* Assets.xcassets */ = {isa = PBXFileReference; lastKnownFileType = folder.assetcatalog; path = Assets.xcassets; sourceTree = "<group>"; };
		A8B248F52657F07D0041B58C /* Preview Assets.xcassets */ = {isa = PBXFileReference; lastKnownFileType = folder.assetcatalog; path = "Preview Assets.xcassets"; sourceTree = "<group>"; };
		A8B248F72657F07D0041B58C /* Info.plist */ = {isa = PBXFileReference; lastKnownFileType = text.plist.xml; path = Info.plist; sourceTree = "<group>"; };
		A8B248FC2657F07E0041B58C /* shunka-shopTests.xctest */ = {isa = PBXFileReference; explicitFileType = wrapper.cfbundle; includeInIndex = 0; path = "shunka-shopTests.xctest"; sourceTree = BUILT_PRODUCTS_DIR; };
		A8B249002657F07E0041B58C /* shunka_shopTests.swift */ = {isa = PBXFileReference; lastKnownFileType = sourcecode.swift; path = shunka_shopTests.swift; sourceTree = "<group>"; };
		A8B249022657F07E0041B58C /* Info.plist */ = {isa = PBXFileReference; lastKnownFileType = text.plist.xml; path = Info.plist; sourceTree = "<group>"; };
		A8B249072657F07E0041B58C /* shunka-shopUITests.xctest */ = {isa = PBXFileReference; explicitFileType = wrapper.cfbundle; includeInIndex = 0; path = "shunka-shopUITests.xctest"; sourceTree = BUILT_PRODUCTS_DIR; };
		A8B2490B2657F07E0041B58C /* shunka_shopUITests.swift */ = {isa = PBXFileReference; lastKnownFileType = sourcecode.swift; path = shunka_shopUITests.swift; sourceTree = "<group>"; };
		A8B2490D2657F07E0041B58C /* Info.plist */ = {isa = PBXFileReference; lastKnownFileType = text.plist.xml; path = Info.plist; sourceTree = "<group>"; };
		A8B249202657F5000041B58C /* LoginView.swift */ = {isa = PBXFileReference; lastKnownFileType = sourcecode.swift; path = LoginView.swift; sourceTree = "<group>"; };
		A8B249342657F8320041B58C /* en */ = {isa = PBXFileReference; lastKnownFileType = text.plist.strings; name = en; path = en.lproj/Localizable.strings; sourceTree = "<group>"; };
		A8B249392657F84D0041B58C /* sr */ = {isa = PBXFileReference; lastKnownFileType = text.plist.strings; name = sr; path = sr.lproj/Localizable.strings; sourceTree = "<group>"; };
		A8DAE99926675E4700508CE0 /* ActivityIndicatorView.swift */ = {isa = PBXFileReference; lastKnownFileType = sourcecode.swift; path = ActivityIndicatorView.swift; sourceTree = "<group>"; };
		A8EC06932664F9190047F5A7 /* AppConfigError.swift */ = {isa = PBXFileReference; lastKnownFileType = sourcecode.swift; path = AppConfigError.swift; sourceTree = "<group>"; };
		A8EC06A826661EA40047F5A7 /* ServiceInjector.swift */ = {isa = PBXFileReference; lastKnownFileType = sourcecode.swift; path = ServiceInjector.swift; sourceTree = "<group>"; };
		A8EC06AE26661EC60047F5A7 /* AuthenticationService.swift */ = {isa = PBXFileReference; lastKnownFileType = sourcecode.swift; path = AuthenticationService.swift; sourceTree = "<group>"; };
		A8EC06B326661EDE0047F5A7 /* AuthenticationWebservice.swift */ = {isa = PBXFileReference; lastKnownFileType = sourcecode.swift; path = AuthenticationWebservice.swift; sourceTree = "<group>"; };
		A8EC06B926661F020047F5A7 /* UseCase.swift */ = {isa = PBXFileReference; lastKnownFileType = sourcecode.swift; path = UseCase.swift; sourceTree = "<group>"; };
		A8EC06BE26661F150047F5A7 /* Login.swift */ = {isa = PBXFileReference; lastKnownFileType = sourcecode.swift; path = Login.swift; sourceTree = "<group>"; };
		A8EC06CA2666239D0047F5A7 /* SecureUnderlinedTextField.swift */ = {isa = PBXFileReference; lastKnownFileType = sourcecode.swift; path = SecureUnderlinedTextField.swift; sourceTree = "<group>"; };
		A8EC06CF266623BD0047F5A7 /* SecureErrorTextField.swift */ = {isa = PBXFileReference; lastKnownFileType = sourcecode.swift; path = SecureErrorTextField.swift; sourceTree = "<group>"; };
		AD14A850A89E3FA7449071C3 /* Pods-shunka-shop.debug.xcconfig */ = {isa = PBXFileReference; includeInIndex = 1; lastKnownFileType = text.xcconfig; name = "Pods-shunka-shop.debug.xcconfig"; path = "Target Support Files/Pods-shunka-shop/Pods-shunka-shop.debug.xcconfig"; sourceTree = "<group>"; };
		EB6826D6787D08A4B9ED17CA /* Pods-shunka-shop.staging.xcconfig */ = {isa = PBXFileReference; includeInIndex = 1; lastKnownFileType = text.xcconfig; name = "Pods-shunka-shop.staging.xcconfig"; path = "Target Support Files/Pods-shunka-shop/Pods-shunka-shop.staging.xcconfig"; sourceTree = "<group>"; };
		F959CA8A0BC071227477926F /* Pods_shunka_shop.framework */ = {isa = PBXFileReference; explicitFileType = wrapper.framework; includeInIndex = 0; path = Pods_shunka_shop.framework; sourceTree = BUILT_PRODUCTS_DIR; };
/* End PBXFileReference section */

/* Begin PBXFrameworksBuildPhase section */
		A8B248E82657F07C0041B58C /* Frameworks */ = {
			isa = PBXFrameworksBuildPhase;
			buildActionMask = 2147483647;
			files = (
				5FB2429DA1BC8EB56E32314A /* Pods_shunka_shop.framework in Frameworks */,
			);
			runOnlyForDeploymentPostprocessing = 0;
		};
		A8B248F92657F07E0041B58C /* Frameworks */ = {
			isa = PBXFrameworksBuildPhase;
			buildActionMask = 2147483647;
			files = (
			);
			runOnlyForDeploymentPostprocessing = 0;
		};
		A8B249042657F07E0041B58C /* Frameworks */ = {
			isa = PBXFrameworksBuildPhase;
			buildActionMask = 2147483647;
			files = (
			);
			runOnlyForDeploymentPostprocessing = 0;
		};
/* End PBXFrameworksBuildPhase section */

/* Begin PBXGroup section */
		A80C42A926640F3700935E44 /* DataRepo */ = {
			isa = PBXGroup;
			children = (
				A8EC06A426661BEE0047F5A7 /* DataStorage */,
				A80C43002664146B00935E44 /* Networking */,
				A80C42AB26640F5500935E44 /* Webservice */,
			);
			path = DataRepo;
			sourceTree = "<group>";
		};
		A80C42AB26640F5500935E44 /* Webservice */ = {
			isa = PBXGroup;
			children = (
				A88DEDCD26726D3B00D87F90 /* Core */,
				A80C4309266414E200935E44 /* ShunkaShop */,
			);
			path = Webservice;
			sourceTree = "<group>";
		};
		A80C42D42664102D00935E44 /* ParameterEncoding */ = {
			isa = PBXGroup;
			children = (
				A80C42D52664103A00935E44 /* ParameterEncoding.swift */,
				A80C42DA2664108B00935E44 /* URLEncoding.swift */,
				A80C42DF266410CD00935E44 /* JSONEncoding.swift */,
				A80C42E92664114A00935E44 /* CharacterSet+Extension.swift */,
			);
			path = ParameterEncoding;
			sourceTree = "<group>";
		};
		A80C43002664146B00935E44 /* Networking */ = {
			isa = PBXGroup;
			children = (
				A80C42CC2664101700935E44 /* HTTPMethod.swift */,
				A80C42BD26640F9A00935E44 /* Request.swift */,
				A80C42C226640FA400935E44 /* Network.swift */,
			);
			path = Networking;
			sourceTree = "<group>";
		};
		A80C4309266414E200935E44 /* ShunkaShop */ = {
			isa = PBXGroup;
			children = (
				A80C4301266414A100935E44 /* ShunkaShopWebservice.swift */,
				A80C430A266414F700935E44 /* ShunkaShopWebserviceError.swift */,
				A8EC06AD26661EBC0047F5A7 /* Authentication */,
				A82628EF2667C24C00B49A9E /* Product */,
			);
			path = ShunkaShop;
			sourceTree = "<group>";
		};
		A820A0C8265CF84C00767D6C /* UserInputValidators */ = {
			isa = PBXGroup;
			children = (
				A820A0CF265CF88400767D6C /* InputValidator.swift */,
				A820A0CA265CF87000767D6C /* UsernameValidator.swift */,
				A820A0D4265CF89900767D6C /* PasswordValidator.swift */,
			);
			path = UserInputValidators;
			sourceTree = "<group>";
		};
		A820A0C9265CF85800767D6C /* Errors */ = {
			isa = PBXGroup;
			children = (
				A89090352666448900B9A080 /* PresentableError.swift */,
				A820A0D9265CF8BB00767D6C /* UsernameError.swift */,
				A820A0DE265CF8CF00767D6C /* PasswordError.swift */,
			);
			path = Errors;
			sourceTree = "<group>";
		};
		A82628AB26679A8E00B49A9E /* MainTab */ = {
			isa = PBXGroup;
			children = (
				A82628AC26679AA200B49A9E /* HomeView.swift */,
			);
			path = MainTab;
			sourceTree = "<group>";
		};
		A82628C426679E2100B49A9E /* DataModel */ = {
			isa = PBXGroup;
			children = (
				A890903D26664FE200B9A080 /* UserSession.swift */,
				A82628C526679E3000B49A9E /* Product.swift */,
				A82628CD2667A7A400B49A9E /* Month.swift */,
			);
			path = DataModel;
			sourceTree = "<group>";
		};
		A82628D22667A7D000B49A9E /* Product */ = {
			isa = PBXGroup;
			children = (
				A87BBF43266A1E4000712DF4 /* ProductListViewModel.swift */,
				A82628BA26679D5800B49A9E /* ProductListView.swift */,
				A82628D32667A7DE00B49A9E /* ProductCell.swift */,
			);
			path = Product;
			sourceTree = "<group>";
		};
		A82628EF2667C24C00B49A9E /* Product */ = {
			isa = PBXGroup;
			children = (
				A88DEDDD26726EAA00D87F90 /* ShunkaShop+Product.swift */,
				A82628F02667C25500B49A9E /* ProductService.swift */,
				A82628F52667C26500B49A9E /* ProductWebservice.swift */,
			);
			path = Product;
			sourceTree = "<group>";
		};
		A87A1A52265B960500BCCCE4 /* Generated */ = {
			isa = PBXGroup;
			children = (
				A87A1A53265B969F00BCCCE4 /* Strings+Generated.swift */,
			);
			path = Generated;
			sourceTree = "<group>";
		};
		A87A1A6A265BC56600BCCCE4 /* Theme */ = {
			isa = PBXGroup;
			children = (
				A87A1A6E265BCDB900BCCCE4 /* Theme.swift */,
				A87A1A76265BCDD700BCCCE4 /* DefaultTheme.swift */,
				A87A1A92265BD5EA00BCCCE4 /* Color+Theme.swift */,
			);
			path = Theme;
			sourceTree = "<group>";
		};
		A87A1A7B265BCDF800BCCCE4 /* Configuration */ = {
			isa = PBXGroup;
			children = (
				A87A1A7C265BCE0300BCCCE4 /* AppConfiguration.swift */,
				A8EC06932664F9190047F5A7 /* AppConfigError.swift */,
			);
			path = Configuration;
			sourceTree = "<group>";
		};
		A87A1A84265BCE2500BCCCE4 /* Style */ = {
			isa = PBXGroup;
			children = (
				A87A1A85265BCE5400BCCCE4 /* PrimaryButtonStyle.swift */,
			);
			path = Style;
			sourceTree = "<group>";
		};
		A87A1AB6265BF6CF00BCCCE4 /* Login */ = {
			isa = PBXGroup;
			children = (
				A8B249202657F5000041B58C /* LoginView.swift */,
				A87A1ACE265BF79800BCCCE4 /* LoginViewModel.swift */,
			);
			path = Login;
			sourceTree = "<group>";
		};
		A87BBF7D266A55AD00712DF4 /* Product */ = {
			isa = PBXGroup;
			children = (
				A87BBF7E266A55B500712DF4 /* ProductStorage.swift */,
				A87BBF86266A55CA00712DF4 /* ProductCache.swift */,
			);
			path = Product;
			sourceTree = "<group>";
		};
		A88DEDC226726BAA00D87F90 /* ResponseDecoding */ = {
			isa = PBXGroup;
			children = (
				A88DEDC326726BC100D87F90 /* ResponseDecoding.swift */,
				A88DEDC826726BD500D87F90 /* JSONDecoding.swift */,
			);
			path = ResponseDecoding;
			sourceTree = "<group>";
		};
		A88DEDCD26726D3B00D87F90 /* Core */ = {
			isa = PBXGroup;
			children = (
				A8EC06A826661EA40047F5A7 /* ServiceInjector.swift */,
				A80C42B826640F9200935E44 /* Webservice.swift */,
				A80C42C726640FBC00935E44 /* WebserviceError.swift */,
				A80C42D42664102D00935E44 /* ParameterEncoding */,
				A88DEDC226726BAA00D87F90 /* ResponseDecoding */,
			);
			path = Core;
			sourceTree = "<group>";
		};
		A88DEDDC26726E7F00D87F90 /* Response */ = {
			isa = PBXGroup;
			children = (
				A88DEDD726726E6D00D87F90 /* LoginResponse.swift */,
			);
			path = Response;
			sourceTree = "<group>";
		};
		A8B248E22657F07C0041B58C = {
			isa = PBXGroup;
			children = (
				A8B248ED2657F07C0041B58C /* shunka-shop */,
				A8B248FF2657F07E0041B58C /* shunka-shopTests */,
				A8B2490A2657F07E0041B58C /* shunka-shopUITests */,
				A8B248EC2657F07C0041B58C /* Products */,
				E1A798AA4DDAD1BD6BF0E79E /* Pods */,
				CA4BC4751C873130EC4748C3 /* Frameworks */,
			);
			sourceTree = "<group>";
		};
		A8B248EC2657F07C0041B58C /* Products */ = {
			isa = PBXGroup;
			children = (
				A8B248EB2657F07C0041B58C /* shunka-shop.app */,
				A8B248FC2657F07E0041B58C /* shunka-shopTests.xctest */,
				A8B249072657F07E0041B58C /* shunka-shopUITests.xctest */,
			);
			name = Products;
			sourceTree = "<group>";
		};
		A8B248ED2657F07C0041B58C /* shunka-shop */ = {
			isa = PBXGroup;
			children = (
				A8B2491D2657F1FD0041B58C /* Source */,
				A8B2491C2657F1F10041B58C /* Resources */,
				A8B248EE2657F07C0041B58C /* shunka_shopApp.swift */,
				A8B248F72657F07D0041B58C /* Info.plist */,
				A8B248F42657F07D0041B58C /* Preview Content */,
			);
			path = "shunka-shop";
			sourceTree = "<group>";
		};
		A8B248F42657F07D0041B58C /* Preview Content */ = {
			isa = PBXGroup;
			children = (
				A8B248F52657F07D0041B58C /* Preview Assets.xcassets */,
			);
			path = "Preview Content";
			sourceTree = "<group>";
		};
		A8B248FF2657F07E0041B58C /* shunka-shopTests */ = {
			isa = PBXGroup;
			children = (
				A8B249002657F07E0041B58C /* shunka_shopTests.swift */,
				A8B249022657F07E0041B58C /* Info.plist */,
			);
			path = "shunka-shopTests";
			sourceTree = "<group>";
		};
		A8B2490A2657F07E0041B58C /* shunka-shopUITests */ = {
			isa = PBXGroup;
			children = (
				A8B2490B2657F07E0041B58C /* shunka_shopUITests.swift */,
				A8B2490D2657F07E0041B58C /* Info.plist */,
			);
			path = "shunka-shopUITests";
			sourceTree = "<group>";
		};
		A8B2491C2657F1F10041B58C /* Resources */ = {
			isa = PBXGroup;
			children = (
				A87A1A52265B960500BCCCE4 /* Generated */,
				A8B248F22657F07D0041B58C /* Assets.xcassets */,
				A8B249352657F8320041B58C /* Localizable.strings */,
			);
			path = Resources;
			sourceTree = "<group>";
		};
		A8B2491D2657F1FD0041B58C /* Source */ = {
			isa = PBXGroup;
			children = (
				A87A1A7B265BCDF800BCCCE4 /* Configuration */,
				A87A1A84265BCE2500BCCCE4 /* Style */,
				A87A1A6A265BC56600BCCCE4 /* Theme */,
				A8B2491E2657F4B70041B58C /* Model */,
				A8B2491F2657F4C90041B58C /* View */,
			);
			path = Source;
			sourceTree = "<group>";
		};
		A8B2491E2657F4B70041B58C /* Model */ = {
			isa = PBXGroup;
			children = (
				A8EC06B826661EF70047F5A7 /* UseCase */,
				A82628C426679E2100B49A9E /* DataModel */,
				A80C42A926640F3700935E44 /* DataRepo */,
				A820A0C9265CF85800767D6C /* Errors */,
				A820A0C8265CF84C00767D6C /* UserInputValidators */,
			);
			path = Model;
			sourceTree = "<group>";
		};
		A8B2491F2657F4C90041B58C /* View */ = {
			isa = PBXGroup;
			children = (
				A8B248F02657F07C0041B58C /* ContentView.swift */,
				A8DAE99926675E4700508CE0 /* ActivityIndicatorView.swift */,
				A82628AB26679A8E00B49A9E /* MainTab */,
				A8EC06C9266623870047F5A7 /* TextFields */,
				A87A1AB6265BF6CF00BCCCE4 /* Login */,
				A82628D22667A7D000B49A9E /* Product */,
				A82628BF26679D7C00B49A9E /* OrdersListView.swift */,
			);
			path = View;
			sourceTree = "<group>";
		};
		A8EC06A426661BEE0047F5A7 /* DataStorage */ = {
			isa = PBXGroup;
			children = (
				A87BBF75266A559300712DF4 /* DataStorageInjector.swift */,
				A87BBF7D266A55AD00712DF4 /* Product */,
			);
			path = DataStorage;
			sourceTree = "<group>";
		};
		A8EC06AD26661EBC0047F5A7 /* Authentication */ = {
			isa = PBXGroup;
			children = (
				A88DEDDC26726E7F00D87F90 /* Response */,
				A88DEDCF26726E4600D87F90 /* ShunkaShop+Authentication.swift */,
				A8EC06AE26661EC60047F5A7 /* AuthenticationService.swift */,
				A8EC06B326661EDE0047F5A7 /* AuthenticationWebservice.swift */,
			);
			path = Authentication;
			sourceTree = "<group>";
		};
		A8EC06B826661EF70047F5A7 /* UseCase */ = {
			isa = PBXGroup;
			children = (
				A8EC06B926661F020047F5A7 /* UseCase.swift */,
				A8EC06BE26661F150047F5A7 /* Login.swift */,
				A82628DE2667C04A00B49A9E /* GetProducts.swift */,
			);
			path = UseCase;
			sourceTree = "<group>";
		};
		A8EC06C9266623870047F5A7 /* TextFields */ = {
			isa = PBXGroup;
			children = (
				A87A1AB1265BF60700BCCCE4 /* ErrorUnderlinedTextField.swift */,
				A87A1AA9265BD86300BCCCE4 /* UnderlinedTextField.swift */,
				A8EC06CA2666239D0047F5A7 /* SecureUnderlinedTextField.swift */,
				A8EC06CF266623BD0047F5A7 /* SecureErrorTextField.swift */,
			);
			path = TextFields;
			sourceTree = "<group>";
		};
		CA4BC4751C873130EC4748C3 /* Frameworks */ = {
			isa = PBXGroup;
			children = (
				F959CA8A0BC071227477926F /* Pods_shunka_shop.framework */,
			);
			name = Frameworks;
			sourceTree = "<group>";
		};
		E1A798AA4DDAD1BD6BF0E79E /* Pods */ = {
			isa = PBXGroup;
			children = (
				AD14A850A89E3FA7449071C3 /* Pods-shunka-shop.debug.xcconfig */,
				421FDB19788A6AB8A55B6AFC /* Pods-shunka-shop.release.xcconfig */,
				EB6826D6787D08A4B9ED17CA /* Pods-shunka-shop.staging.xcconfig */,
			);
			path = Pods;
			sourceTree = "<group>";
		};
/* End PBXGroup section */

/* Begin PBXNativeTarget section */
		A8B248EA2657F07C0041B58C /* shunka-shop */ = {
			isa = PBXNativeTarget;
			buildConfigurationList = A8B249102657F07E0041B58C /* Build configuration list for PBXNativeTarget "shunka-shop" */;
			buildPhases = (
				73EA3BD444D9CC48A71CF5E1 /* [CP] Check Pods Manifest.lock */,
				A87A1A4E265B92AE00BCCCE4 /* Swiftgen Run Script */,
				A8B248E72657F07C0041B58C /* Sources */,
				A8B248E82657F07C0041B58C /* Frameworks */,
				A8B248E92657F07C0041B58C /* Resources */,
			);
			buildRules = (
			);
			dependencies = (
			);
			name = "shunka-shop";
			productName = "shunka-shop";
			productReference = A8B248EB2657F07C0041B58C /* shunka-shop.app */;
			productType = "com.apple.product-type.application";
		};
		A8B248FB2657F07E0041B58C /* shunka-shopTests */ = {
			isa = PBXNativeTarget;
			buildConfigurationList = A8B249132657F07E0041B58C /* Build configuration list for PBXNativeTarget "shunka-shopTests" */;
			buildPhases = (
				A8B248F82657F07E0041B58C /* Sources */,
				A8B248F92657F07E0041B58C /* Frameworks */,
				A8B248FA2657F07E0041B58C /* Resources */,
			);
			buildRules = (
			);
			dependencies = (
				A8B248FE2657F07E0041B58C /* PBXTargetDependency */,
			);
			name = "shunka-shopTests";
			productName = "shunka-shopTests";
			productReference = A8B248FC2657F07E0041B58C /* shunka-shopTests.xctest */;
			productType = "com.apple.product-type.bundle.unit-test";
		};
		A8B249062657F07E0041B58C /* shunka-shopUITests */ = {
			isa = PBXNativeTarget;
			buildConfigurationList = A8B249162657F07E0041B58C /* Build configuration list for PBXNativeTarget "shunka-shopUITests" */;
			buildPhases = (
				A8B249032657F07E0041B58C /* Sources */,
				A8B249042657F07E0041B58C /* Frameworks */,
				A8B249052657F07E0041B58C /* Resources */,
			);
			buildRules = (
			);
			dependencies = (
				A8B249092657F07E0041B58C /* PBXTargetDependency */,
			);
			name = "shunka-shopUITests";
			productName = "shunka-shopUITests";
			productReference = A8B249072657F07E0041B58C /* shunka-shopUITests.xctest */;
			productType = "com.apple.product-type.bundle.ui-testing";
		};
/* End PBXNativeTarget section */

/* Begin PBXProject section */
		A8B248E32657F07C0041B58C /* Project object */ = {
			isa = PBXProject;
			attributes = {
				LastSwiftUpdateCheck = 1240;
				LastUpgradeCheck = 1240;
				TargetAttributes = {
					A8B248EA2657F07C0041B58C = {
						CreatedOnToolsVersion = 12.4;
					};
					A8B248FB2657F07E0041B58C = {
						CreatedOnToolsVersion = 12.4;
						TestTargetID = A8B248EA2657F07C0041B58C;
					};
					A8B249062657F07E0041B58C = {
						CreatedOnToolsVersion = 12.4;
						TestTargetID = A8B248EA2657F07C0041B58C;
					};
				};
			};
			buildConfigurationList = A8B248E62657F07C0041B58C /* Build configuration list for PBXProject "shunka-shop" */;
			compatibilityVersion = "Xcode 9.3";
			developmentRegion = en;
			hasScannedForEncodings = 0;
			knownRegions = (
				en,
				sr,
			);
			mainGroup = A8B248E22657F07C0041B58C;
			productRefGroup = A8B248EC2657F07C0041B58C /* Products */;
			projectDirPath = "";
			projectRoot = "";
			targets = (
				A8B248EA2657F07C0041B58C /* shunka-shop */,
				A8B248FB2657F07E0041B58C /* shunka-shopTests */,
				A8B249062657F07E0041B58C /* shunka-shopUITests */,
			);
		};
/* End PBXProject section */

/* Begin PBXResourcesBuildPhase section */
		A8B248E92657F07C0041B58C /* Resources */ = {
			isa = PBXResourcesBuildPhase;
			buildActionMask = 2147483647;
			files = (
				A8B248F62657F07D0041B58C /* Preview Assets.xcassets in Resources */,
				A8B249332657F8320041B58C /* Localizable.strings in Resources */,
				A8B248F32657F07D0041B58C /* Assets.xcassets in Resources */,
			);
			runOnlyForDeploymentPostprocessing = 0;
		};
		A8B248FA2657F07E0041B58C /* Resources */ = {
			isa = PBXResourcesBuildPhase;
			buildActionMask = 2147483647;
			files = (
			);
			runOnlyForDeploymentPostprocessing = 0;
		};
		A8B249052657F07E0041B58C /* Resources */ = {
			isa = PBXResourcesBuildPhase;
			buildActionMask = 2147483647;
			files = (
			);
			runOnlyForDeploymentPostprocessing = 0;
		};
/* End PBXResourcesBuildPhase section */

/* Begin PBXShellScriptBuildPhase section */
		73EA3BD444D9CC48A71CF5E1 /* [CP] Check Pods Manifest.lock */ = {
			isa = PBXShellScriptBuildPhase;
			buildActionMask = 2147483647;
			files = (
			);
			inputFileListPaths = (
			);
			inputPaths = (
				"${PODS_PODFILE_DIR_PATH}/Podfile.lock",
				"${PODS_ROOT}/Manifest.lock",
			);
			name = "[CP] Check Pods Manifest.lock";
			outputFileListPaths = (
			);
			outputPaths = (
				"$(DERIVED_FILE_DIR)/Pods-shunka-shop-checkManifestLockResult.txt",
			);
			runOnlyForDeploymentPostprocessing = 0;
			shellPath = /bin/sh;
			shellScript = "diff \"${PODS_PODFILE_DIR_PATH}/Podfile.lock\" \"${PODS_ROOT}/Manifest.lock\" > /dev/null\nif [ $? != 0 ] ; then\n    # print error to STDERR\n    echo \"error: The sandbox is not in sync with the Podfile.lock. Run 'pod install' or update your CocoaPods installation.\" >&2\n    exit 1\nfi\n# This output is used by Xcode 'outputs' to avoid re-running this script phase.\necho \"SUCCESS\" > \"${SCRIPT_OUTPUT_FILE_0}\"\n";
			showEnvVarsInLog = 0;
		};
		A87A1A4E265B92AE00BCCCE4 /* Swiftgen Run Script */ = {
			isa = PBXShellScriptBuildPhase;
			buildActionMask = 2147483647;
			files = (
			);
			inputFileListPaths = (
			);
			inputPaths = (
			);
			name = "Swiftgen Run Script";
			outputFileListPaths = (
			);
			outputPaths = (
			);
			runOnlyForDeploymentPostprocessing = 0;
			shellPath = /bin/sh;
			shellScript = "if [[ -f \"${PODS_ROOT}/SwiftGen/bin/swiftgen\" ]]; then\n  \"${PODS_ROOT}/SwiftGen/bin/swiftgen\"\nelse\n  echo \"warning: SwiftGen is not installed. Run 'pod install --repo-update' to install it.\"\nfi\n";
		};
/* End PBXShellScriptBuildPhase section */

/* Begin PBXSourcesBuildPhase section */
		A8B248E72657F07C0041B58C /* Sources */ = {
			isa = PBXSourcesBuildPhase;
			buildActionMask = 2147483647;
			files = (
				A87A1AB2265BF60700BCCCE4 /* ErrorUnderlinedTextField.swift in Sources */,
				A88DEDC426726BC100D87F90 /* ResponseDecoding.swift in Sources */,
				A82628C026679D7C00B49A9E /* OrdersListView.swift in Sources */,
				A820A0DF265CF8CF00767D6C /* PasswordError.swift in Sources */,
				A82628BB26679D5800B49A9E /* ProductListView.swift in Sources */,
				A80C42E0266410CD00935E44 /* JSONEncoding.swift in Sources */,
				A88DEDD826726E6D00D87F90 /* LoginResponse.swift in Sources */,
				A8B249212657F5000041B58C /* LoginView.swift in Sources */,
				A82628AD26679AA200B49A9E /* HomeView.swift in Sources */,
				A8EC06A926661EA40047F5A7 /* ServiceInjector.swift in Sources */,
				A8B248F12657F07C0041B58C /* ContentView.swift in Sources */,
				A87A1A6F265BCDB900BCCCE4 /* Theme.swift in Sources */,
				A87BBF44266A1E4000712DF4 /* ProductListViewModel.swift in Sources */,
				A88DEDD026726E4600D87F90 /* ShunkaShop+Authentication.swift in Sources */,
				A82628DF2667C04A00B49A9E /* GetProducts.swift in Sources */,
				A8EC06D0266623BD0047F5A7 /* SecureErrorTextField.swift in Sources */,
				A80C42C326640FA400935E44 /* Network.swift in Sources */,
				A80C430B266414F700935E44 /* ShunkaShopWebserviceError.swift in Sources */,
				A820A0D0265CF88400767D6C /* InputValidator.swift in Sources */,
				A80C42EA2664114A00935E44 /* CharacterSet+Extension.swift in Sources */,
				A80C42B926640F9200935E44 /* Webservice.swift in Sources */,
				A87A1A77265BCDD700BCCCE4 /* DefaultTheme.swift in Sources */,
				A87A1A93265BD5EA00BCCCE4 /* Color+Theme.swift in Sources */,
				A820A0D5265CF89900767D6C /* PasswordValidator.swift in Sources */,
				A88DEDDE26726EAA00D87F90 /* ShunkaShop+Product.swift in Sources */,
				A82628C626679E3000B49A9E /* Product.swift in Sources */,
				A820A0DA265CF8BB00767D6C /* UsernameError.swift in Sources */,
				A8EC06B426661EDE0047F5A7 /* AuthenticationWebservice.swift in Sources */,
				A8EC06942664F9190047F5A7 /* AppConfigError.swift in Sources */,
				A87A1A86265BCE5400BCCCE4 /* PrimaryButtonStyle.swift in Sources */,
				A8EC06BF26661F150047F5A7 /* Login.swift in Sources */,
				A88DEDC926726BD500D87F90 /* JSONDecoding.swift in Sources */,
				A87A1A54265B969F00BCCCE4 /* Strings+Generated.swift in Sources */,
				A820A0CB265CF87000767D6C /* UsernameValidator.swift in Sources */,
				A82628F62667C26500B49A9E /* ProductWebservice.swift in Sources */,
				A87BBF87266A55CA00712DF4 /* ProductCache.swift in Sources */,
				A80C42DB2664108B00935E44 /* URLEncoding.swift in Sources */,
				A87BBF76266A559300712DF4 /* DataStorageInjector.swift in Sources */,
				A82628F12667C25500B49A9E /* ProductService.swift in Sources */,
				A8DAE99A26675E4700508CE0 /* ActivityIndicatorView.swift in Sources */,
				A89090362666448900B9A080 /* PresentableError.swift in Sources */,
				A87A1ACF265BF79800BCCCE4 /* LoginViewModel.swift in Sources */,
				A80C4302266414A100935E44 /* ShunkaShopWebservice.swift in Sources */,
				A87A1A7D265BCE0300BCCCE4 /* AppConfiguration.swift in Sources */,
				A80C42D62664103A00935E44 /* ParameterEncoding.swift in Sources */,
				A890903E26664FE200B9A080 /* UserSession.swift in Sources */,
				A80C42BE26640F9A00935E44 /* Request.swift in Sources */,
				A82628CE2667A7A400B49A9E /* Month.swift in Sources */,
				A8EC06BA26661F020047F5A7 /* UseCase.swift in Sources */,
				A8EC06AF26661EC60047F5A7 /* AuthenticationService.swift in Sources */,
				A8B248EF2657F07C0041B58C /* shunka_shopApp.swift in Sources */,
				A8EC06CB2666239D0047F5A7 /* SecureUnderlinedTextField.swift in Sources */,
				A80C42CD2664101700935E44 /* HTTPMethod.swift in Sources */,
				A82628D42667A7DE00B49A9E /* ProductCell.swift in Sources */,
				A87A1AAA265BD86300BCCCE4 /* UnderlinedTextField.swift in Sources */,
				A80C42C826640FBC00935E44 /* WebserviceError.swift in Sources */,
				A87BBF7F266A55B500712DF4 /* ProductStorage.swift in Sources */,
			);
			runOnlyForDeploymentPostprocessing = 0;
		};
		A8B248F82657F07E0041B58C /* Sources */ = {
			isa = PBXSourcesBuildPhase;
			buildActionMask = 2147483647;
			files = (
				A8B249012657F07E0041B58C /* shunka_shopTests.swift in Sources */,
			);
			runOnlyForDeploymentPostprocessing = 0;
		};
		A8B249032657F07E0041B58C /* Sources */ = {
			isa = PBXSourcesBuildPhase;
			buildActionMask = 2147483647;
			files = (
				A8B2490C2657F07E0041B58C /* shunka_shopUITests.swift in Sources */,
			);
			runOnlyForDeploymentPostprocessing = 0;
		};
/* End PBXSourcesBuildPhase section */

/* Begin PBXTargetDependency section */
		A8B248FE2657F07E0041B58C /* PBXTargetDependency */ = {
			isa = PBXTargetDependency;
			target = A8B248EA2657F07C0041B58C /* shunka-shop */;
			targetProxy = A8B248FD2657F07E0041B58C /* PBXContainerItemProxy */;
		};
		A8B249092657F07E0041B58C /* PBXTargetDependency */ = {
			isa = PBXTargetDependency;
			target = A8B248EA2657F07C0041B58C /* shunka-shop */;
			targetProxy = A8B249082657F07E0041B58C /* PBXContainerItemProxy */;
		};
/* End PBXTargetDependency section */

/* Begin PBXVariantGroup section */
		A8B249352657F8320041B58C /* Localizable.strings */ = {
			isa = PBXVariantGroup;
			children = (
				A8B249342657F8320041B58C /* en */,
				A8B249392657F84D0041B58C /* sr */,
			);
			name = Localizable.strings;
			sourceTree = "<group>";
		};
/* End PBXVariantGroup section */

/* Begin XCBuildConfiguration section */
		A8B2490E2657F07E0041B58C /* Debug */ = {
			isa = XCBuildConfiguration;
			buildSettings = {
				ALWAYS_SEARCH_USER_PATHS = NO;
				CLANG_ANALYZER_LOCALIZABILITY_NONLOCALIZED = YES;
				CLANG_ANALYZER_NONNULL = YES;
				CLANG_ANALYZER_NUMBER_OBJECT_CONVERSION = YES_AGGRESSIVE;
				CLANG_CXX_LANGUAGE_STANDARD = "gnu++14";
				CLANG_CXX_LIBRARY = "libc++";
				CLANG_ENABLE_MODULES = YES;
				CLANG_ENABLE_OBJC_ARC = YES;
				CLANG_ENABLE_OBJC_WEAK = YES;
				CLANG_WARN_BLOCK_CAPTURE_AUTORELEASING = YES;
				CLANG_WARN_BOOL_CONVERSION = YES;
				CLANG_WARN_COMMA = YES;
				CLANG_WARN_CONSTANT_CONVERSION = YES;
				CLANG_WARN_DEPRECATED_OBJC_IMPLEMENTATIONS = YES;
				CLANG_WARN_DIRECT_OBJC_ISA_USAGE = YES_ERROR;
				CLANG_WARN_DOCUMENTATION_COMMENTS = YES;
				CLANG_WARN_EMPTY_BODY = YES;
				CLANG_WARN_ENUM_CONVERSION = YES;
				CLANG_WARN_INFINITE_RECURSION = YES;
				CLANG_WARN_INT_CONVERSION = YES;
				CLANG_WARN_NON_LITERAL_NULL_CONVERSION = YES;
				CLANG_WARN_OBJC_IMPLICIT_RETAIN_SELF = YES;
				CLANG_WARN_OBJC_LITERAL_CONVERSION = YES;
				CLANG_WARN_OBJC_ROOT_CLASS = YES_ERROR;
				CLANG_WARN_QUOTED_INCLUDE_IN_FRAMEWORK_HEADER = YES;
				CLANG_WARN_RANGE_LOOP_ANALYSIS = YES;
				CLANG_WARN_STRICT_PROTOTYPES = YES;
				CLANG_WARN_SUSPICIOUS_MOVE = YES;
				CLANG_WARN_UNGUARDED_AVAILABILITY = YES_AGGRESSIVE;
				CLANG_WARN_UNREACHABLE_CODE = YES;
				CLANG_WARN__DUPLICATE_METHOD_MATCH = YES;
				COPY_PHASE_STRIP = NO;
				DEBUG_INFORMATION_FORMAT = dwarf;
				ENABLE_STRICT_OBJC_MSGSEND = YES;
				ENABLE_TESTABILITY = YES;
				GCC_C_LANGUAGE_STANDARD = gnu11;
				GCC_DYNAMIC_NO_PIC = NO;
				GCC_NO_COMMON_BLOCKS = YES;
				GCC_OPTIMIZATION_LEVEL = 0;
				GCC_PREPROCESSOR_DEFINITIONS = (
					"DEBUG=1",
					"$(inherited)",
				);
				GCC_WARN_64_TO_32_BIT_CONVERSION = YES;
				GCC_WARN_ABOUT_RETURN_TYPE = YES_ERROR;
				GCC_WARN_UNDECLARED_SELECTOR = YES;
				GCC_WARN_UNINITIALIZED_AUTOS = YES_AGGRESSIVE;
				GCC_WARN_UNUSED_FUNCTION = YES;
				GCC_WARN_UNUSED_VARIABLE = YES;
				IPHONEOS_DEPLOYMENT_TARGET = 14.4;
				MTL_ENABLE_DEBUG_INFO = INCLUDE_SOURCE;
				MTL_FAST_MATH = YES;
				ONLY_ACTIVE_ARCH = YES;
				SDKROOT = iphoneos;
				SWIFT_ACTIVE_COMPILATION_CONDITIONS = DEBUG;
				SWIFT_OPTIMIZATION_LEVEL = "-Onone";
			};
			name = Debug;
		};
		A8B2490F2657F07E0041B58C /* Release */ = {
			isa = XCBuildConfiguration;
			buildSettings = {
				ALWAYS_SEARCH_USER_PATHS = NO;
				CLANG_ANALYZER_LOCALIZABILITY_NONLOCALIZED = YES;
				CLANG_ANALYZER_NONNULL = YES;
				CLANG_ANALYZER_NUMBER_OBJECT_CONVERSION = YES_AGGRESSIVE;
				CLANG_CXX_LANGUAGE_STANDARD = "gnu++14";
				CLANG_CXX_LIBRARY = "libc++";
				CLANG_ENABLE_MODULES = YES;
				CLANG_ENABLE_OBJC_ARC = YES;
				CLANG_ENABLE_OBJC_WEAK = YES;
				CLANG_WARN_BLOCK_CAPTURE_AUTORELEASING = YES;
				CLANG_WARN_BOOL_CONVERSION = YES;
				CLANG_WARN_COMMA = YES;
				CLANG_WARN_CONSTANT_CONVERSION = YES;
				CLANG_WARN_DEPRECATED_OBJC_IMPLEMENTATIONS = YES;
				CLANG_WARN_DIRECT_OBJC_ISA_USAGE = YES_ERROR;
				CLANG_WARN_DOCUMENTATION_COMMENTS = YES;
				CLANG_WARN_EMPTY_BODY = YES;
				CLANG_WARN_ENUM_CONVERSION = YES;
				CLANG_WARN_INFINITE_RECURSION = YES;
				CLANG_WARN_INT_CONVERSION = YES;
				CLANG_WARN_NON_LITERAL_NULL_CONVERSION = YES;
				CLANG_WARN_OBJC_IMPLICIT_RETAIN_SELF = YES;
				CLANG_WARN_OBJC_LITERAL_CONVERSION = YES;
				CLANG_WARN_OBJC_ROOT_CLASS = YES_ERROR;
				CLANG_WARN_QUOTED_INCLUDE_IN_FRAMEWORK_HEADER = YES;
				CLANG_WARN_RANGE_LOOP_ANALYSIS = YES;
				CLANG_WARN_STRICT_PROTOTYPES = YES;
				CLANG_WARN_SUSPICIOUS_MOVE = YES;
				CLANG_WARN_UNGUARDED_AVAILABILITY = YES_AGGRESSIVE;
				CLANG_WARN_UNREACHABLE_CODE = YES;
				CLANG_WARN__DUPLICATE_METHOD_MATCH = YES;
				COPY_PHASE_STRIP = NO;
				DEBUG_INFORMATION_FORMAT = "dwarf-with-dsym";
				ENABLE_NS_ASSERTIONS = NO;
				ENABLE_STRICT_OBJC_MSGSEND = YES;
				GCC_C_LANGUAGE_STANDARD = gnu11;
				GCC_NO_COMMON_BLOCKS = YES;
				GCC_WARN_64_TO_32_BIT_CONVERSION = YES;
				GCC_WARN_ABOUT_RETURN_TYPE = YES_ERROR;
				GCC_WARN_UNDECLARED_SELECTOR = YES;
				GCC_WARN_UNINITIALIZED_AUTOS = YES_AGGRESSIVE;
				GCC_WARN_UNUSED_FUNCTION = YES;
				GCC_WARN_UNUSED_VARIABLE = YES;
				IPHONEOS_DEPLOYMENT_TARGET = 14.4;
				MTL_ENABLE_DEBUG_INFO = NO;
				MTL_FAST_MATH = YES;
				SDKROOT = iphoneos;
				SWIFT_COMPILATION_MODE = wholemodule;
				SWIFT_OPTIMIZATION_LEVEL = "-O";
				VALIDATE_PRODUCT = YES;
			};
			name = Release;
		};
		A8B249112657F07E0041B58C /* Debug */ = {
			isa = XCBuildConfiguration;
			baseConfigurationReference = AD14A850A89E3FA7449071C3 /* Pods-shunka-shop.debug.xcconfig */;
			buildSettings = {
				ASSETCATALOG_COMPILER_APPICON_NAME = AppIcon;
				ASSETCATALOG_COMPILER_GLOBAL_ACCENT_COLOR_NAME = AccentColor;
				CODE_SIGN_STYLE = Automatic;
				DEVELOPMENT_ASSET_PATHS = "\"shunka-shop/Preview Content\"";
				DEVELOPMENT_TEAM = T86P32J6KM;
				ENABLE_PREVIEWS = YES;
				INFOPLIST_FILE = "shunka-shop/Info.plist";
				IPHONEOS_DEPLOYMENT_TARGET = 14.4;
				LD_RUNPATH_SEARCH_PATHS = (
					"$(inherited)",
					"@executable_path/Frameworks",
				);
				PRODUCT_BUNDLE_IDENTIFIER = "com.igordrljic.shunka-shop.shunka-shop";
				PRODUCT_NAME = "$(TARGET_NAME)";
				SHUNKA_SHOP_BASE_URL = "http://localhost:3000/api";
				SWIFT_VERSION = 5.0;
				TARGETED_DEVICE_FAMILY = "1,2";
			};
			name = Debug;
		};
		A8B249122657F07E0041B58C /* Release */ = {
			isa = XCBuildConfiguration;
			baseConfigurationReference = 421FDB19788A6AB8A55B6AFC /* Pods-shunka-shop.release.xcconfig */;
			buildSettings = {
				ASSETCATALOG_COMPILER_APPICON_NAME = AppIcon;
				ASSETCATALOG_COMPILER_GLOBAL_ACCENT_COLOR_NAME = AccentColor;
				CODE_SIGN_STYLE = Automatic;
				DEVELOPMENT_ASSET_PATHS = "\"shunka-shop/Preview Content\"";
				DEVELOPMENT_TEAM = T86P32J6KM;
				ENABLE_PREVIEWS = YES;
				INFOPLIST_FILE = "shunka-shop/Info.plist";
				IPHONEOS_DEPLOYMENT_TARGET = 14.4;
				LD_RUNPATH_SEARCH_PATHS = (
					"$(inherited)",
					"@executable_path/Frameworks",
				);
				PRODUCT_BUNDLE_IDENTIFIER = "com.igordrljic.shunka-shop.shunka-shop";
				PRODUCT_NAME = "$(TARGET_NAME)";
				SHUNKA_SHOP_BASE_URL = "https://shunka-shop.herokuapp.com/api";
				SWIFT_VERSION = 5.0;
				TARGETED_DEVICE_FAMILY = "1,2";
			};
			name = Release;
		};
		A8B249142657F07E0041B58C /* Debug */ = {
			isa = XCBuildConfiguration;
			buildSettings = {
				ALWAYS_EMBED_SWIFT_STANDARD_LIBRARIES = YES;
				BUNDLE_LOADER = "$(TEST_HOST)";
				CODE_SIGN_STYLE = Automatic;
				DEVELOPMENT_TEAM = T86P32J6KM;
				INFOPLIST_FILE = "shunka-shopTests/Info.plist";
				IPHONEOS_DEPLOYMENT_TARGET = 14.0;
				LD_RUNPATH_SEARCH_PATHS = (
					"$(inherited)",
					"@executable_path/Frameworks",
					"@loader_path/Frameworks",
				);
				PRODUCT_BUNDLE_IDENTIFIER = "com.igordrljic.shunka-shop.shunka-shopTests";
				PRODUCT_NAME = "$(TARGET_NAME)";
				SWIFT_VERSION = 5.0;
				TARGETED_DEVICE_FAMILY = "1,2";
				TEST_HOST = "$(BUILT_PRODUCTS_DIR)/shunka-shop.app/shunka-shop";
			};
			name = Debug;
		};
		A8B249152657F07E0041B58C /* Release */ = {
			isa = XCBuildConfiguration;
			buildSettings = {
				ALWAYS_EMBED_SWIFT_STANDARD_LIBRARIES = YES;
				BUNDLE_LOADER = "$(TEST_HOST)";
				CODE_SIGN_STYLE = Automatic;
				DEVELOPMENT_TEAM = T86P32J6KM;
				INFOPLIST_FILE = "shunka-shopTests/Info.plist";
				IPHONEOS_DEPLOYMENT_TARGET = 14.0;
				LD_RUNPATH_SEARCH_PATHS = (
					"$(inherited)",
					"@executable_path/Frameworks",
					"@loader_path/Frameworks",
				);
				PRODUCT_BUNDLE_IDENTIFIER = "com.igordrljic.shunka-shop.shunka-shopTests";
				PRODUCT_NAME = "$(TARGET_NAME)";
				SWIFT_VERSION = 5.0;
				TARGETED_DEVICE_FAMILY = "1,2";
				TEST_HOST = "$(BUILT_PRODUCTS_DIR)/shunka-shop.app/shunka-shop";
			};
			name = Release;
		};
		A8B249172657F07E0041B58C /* Debug */ = {
			isa = XCBuildConfiguration;
			buildSettings = {
				ALWAYS_EMBED_SWIFT_STANDARD_LIBRARIES = YES;
				CODE_SIGN_STYLE = Automatic;
				DEVELOPMENT_TEAM = T86P32J6KM;
				INFOPLIST_FILE = "shunka-shopUITests/Info.plist";
				LD_RUNPATH_SEARCH_PATHS = (
					"$(inherited)",
					"@executable_path/Frameworks",
					"@loader_path/Frameworks",
				);
				PRODUCT_BUNDLE_IDENTIFIER = "com.igordrljic.shunka-shop.shunka-shopUITests";
				PRODUCT_NAME = "$(TARGET_NAME)";
				SWIFT_VERSION = 5.0;
				TARGETED_DEVICE_FAMILY = "1,2";
				TEST_TARGET_NAME = "shunka-shop";
			};
			name = Debug;
		};
		A8B249182657F07E0041B58C /* Release */ = {
			isa = XCBuildConfiguration;
			buildSettings = {
				ALWAYS_EMBED_SWIFT_STANDARD_LIBRARIES = YES;
				CODE_SIGN_STYLE = Automatic;
				DEVELOPMENT_TEAM = T86P32J6KM;
				INFOPLIST_FILE = "shunka-shopUITests/Info.plist";
				LD_RUNPATH_SEARCH_PATHS = (
					"$(inherited)",
					"@executable_path/Frameworks",
					"@loader_path/Frameworks",
				);
				PRODUCT_BUNDLE_IDENTIFIER = "com.igordrljic.shunka-shop.shunka-shopUITests";
				PRODUCT_NAME = "$(TARGET_NAME)";
				SWIFT_VERSION = 5.0;
				TARGETED_DEVICE_FAMILY = "1,2";
				TEST_TARGET_NAME = "shunka-shop";
			};
			name = Release;
		};
		A8EC067F2664F3DA0047F5A7 /* Staging */ = {
			isa = XCBuildConfiguration;
			buildSettings = {
				ALWAYS_SEARCH_USER_PATHS = NO;
				CLANG_ANALYZER_LOCALIZABILITY_NONLOCALIZED = YES;
				CLANG_ANALYZER_NONNULL = YES;
				CLANG_ANALYZER_NUMBER_OBJECT_CONVERSION = YES_AGGRESSIVE;
				CLANG_CXX_LANGUAGE_STANDARD = "gnu++14";
				CLANG_CXX_LIBRARY = "libc++";
				CLANG_ENABLE_MODULES = YES;
				CLANG_ENABLE_OBJC_ARC = YES;
				CLANG_ENABLE_OBJC_WEAK = YES;
				CLANG_WARN_BLOCK_CAPTURE_AUTORELEASING = YES;
				CLANG_WARN_BOOL_CONVERSION = YES;
				CLANG_WARN_COMMA = YES;
				CLANG_WARN_CONSTANT_CONVERSION = YES;
				CLANG_WARN_DEPRECATED_OBJC_IMPLEMENTATIONS = YES;
				CLANG_WARN_DIRECT_OBJC_ISA_USAGE = YES_ERROR;
				CLANG_WARN_DOCUMENTATION_COMMENTS = YES;
				CLANG_WARN_EMPTY_BODY = YES;
				CLANG_WARN_ENUM_CONVERSION = YES;
				CLANG_WARN_INFINITE_RECURSION = YES;
				CLANG_WARN_INT_CONVERSION = YES;
				CLANG_WARN_NON_LITERAL_NULL_CONVERSION = YES;
				CLANG_WARN_OBJC_IMPLICIT_RETAIN_SELF = YES;
				CLANG_WARN_OBJC_LITERAL_CONVERSION = YES;
				CLANG_WARN_OBJC_ROOT_CLASS = YES_ERROR;
				CLANG_WARN_QUOTED_INCLUDE_IN_FRAMEWORK_HEADER = YES;
				CLANG_WARN_RANGE_LOOP_ANALYSIS = YES;
				CLANG_WARN_STRICT_PROTOTYPES = YES;
				CLANG_WARN_SUSPICIOUS_MOVE = YES;
				CLANG_WARN_UNGUARDED_AVAILABILITY = YES_AGGRESSIVE;
				CLANG_WARN_UNREACHABLE_CODE = YES;
				CLANG_WARN__DUPLICATE_METHOD_MATCH = YES;
				COPY_PHASE_STRIP = NO;
				DEBUG_INFORMATION_FORMAT = dwarf;
				ENABLE_STRICT_OBJC_MSGSEND = YES;
				ENABLE_TESTABILITY = YES;
				GCC_C_LANGUAGE_STANDARD = gnu11;
				GCC_DYNAMIC_NO_PIC = NO;
				GCC_NO_COMMON_BLOCKS = YES;
				GCC_OPTIMIZATION_LEVEL = 0;
				GCC_PREPROCESSOR_DEFINITIONS = (
					"DEBUG=1",
					"$(inherited)",
				);
				GCC_WARN_64_TO_32_BIT_CONVERSION = YES;
				GCC_WARN_ABOUT_RETURN_TYPE = YES_ERROR;
				GCC_WARN_UNDECLARED_SELECTOR = YES;
				GCC_WARN_UNINITIALIZED_AUTOS = YES_AGGRESSIVE;
				GCC_WARN_UNUSED_FUNCTION = YES;
				GCC_WARN_UNUSED_VARIABLE = YES;
				IPHONEOS_DEPLOYMENT_TARGET = 14.4;
				MTL_ENABLE_DEBUG_INFO = INCLUDE_SOURCE;
				MTL_FAST_MATH = YES;
				ONLY_ACTIVE_ARCH = YES;
				SDKROOT = iphoneos;
				SWIFT_ACTIVE_COMPILATION_CONDITIONS = DEBUG;
				SWIFT_OPTIMIZATION_LEVEL = "-Onone";
			};
			name = Staging;
		};
		A8EC06802664F3DA0047F5A7 /* Staging */ = {
			isa = XCBuildConfiguration;
			baseConfigurationReference = EB6826D6787D08A4B9ED17CA /* Pods-shunka-shop.staging.xcconfig */;
			buildSettings = {
				ASSETCATALOG_COMPILER_APPICON_NAME = AppIcon;
				ASSETCATALOG_COMPILER_GLOBAL_ACCENT_COLOR_NAME = AccentColor;
				CODE_SIGN_STYLE = Automatic;
				DEVELOPMENT_ASSET_PATHS = "\"shunka-shop/Preview Content\"";
				DEVELOPMENT_TEAM = T86P32J6KM;
				ENABLE_PREVIEWS = YES;
				INFOPLIST_FILE = "shunka-shop/Info.plist";
				IPHONEOS_DEPLOYMENT_TARGET = 14.4;
				LD_RUNPATH_SEARCH_PATHS = (
					"$(inherited)",
					"@executable_path/Frameworks",
				);
				PRODUCT_BUNDLE_IDENTIFIER = "com.igordrljic.shunka-shop.shunka-shop";
				PRODUCT_NAME = "$(TARGET_NAME)";
				SHUNKA_SHOP_BASE_URL = "https://staging-shunka-shop.herokuapp.com/api";
				SWIFT_VERSION = 5.0;
				TARGETED_DEVICE_FAMILY = "1,2";
			};
			name = Staging;
		};
		A8EC06812664F3DA0047F5A7 /* Staging */ = {
			isa = XCBuildConfiguration;
			buildSettings = {
				ALWAYS_EMBED_SWIFT_STANDARD_LIBRARIES = YES;
				BUNDLE_LOADER = "$(TEST_HOST)";
				CODE_SIGN_STYLE = Automatic;
				DEVELOPMENT_TEAM = T86P32J6KM;
				INFOPLIST_FILE = "shunka-shopTests/Info.plist";
				IPHONEOS_DEPLOYMENT_TARGET = 14.0;
				LD_RUNPATH_SEARCH_PATHS = (
					"$(inherited)",
					"@executable_path/Frameworks",
					"@loader_path/Frameworks",
				);
				PRODUCT_BUNDLE_IDENTIFIER = "com.igordrljic.shunka-shop.shunka-shopTests";
				PRODUCT_NAME = "$(TARGET_NAME)";
				SWIFT_VERSION = 5.0;
				TARGETED_DEVICE_FAMILY = "1,2";
				TEST_HOST = "$(BUILT_PRODUCTS_DIR)/shunka-shop.app/shunka-shop";
			};
			name = Staging;
		};
		A8EC06822664F3DA0047F5A7 /* Staging */ = {
			isa = XCBuildConfiguration;
			buildSettings = {
				ALWAYS_EMBED_SWIFT_STANDARD_LIBRARIES = YES;
				CODE_SIGN_STYLE = Automatic;
				DEVELOPMENT_TEAM = T86P32J6KM;
				INFOPLIST_FILE = "shunka-shopUITests/Info.plist";
				LD_RUNPATH_SEARCH_PATHS = (
					"$(inherited)",
					"@executable_path/Frameworks",
					"@loader_path/Frameworks",
				);
				PRODUCT_BUNDLE_IDENTIFIER = "com.igordrljic.shunka-shop.shunka-shopUITests";
				PRODUCT_NAME = "$(TARGET_NAME)";
				SWIFT_VERSION = 5.0;
				TARGETED_DEVICE_FAMILY = "1,2";
				TEST_TARGET_NAME = "shunka-shop";
			};
			name = Staging;
		};
/* End XCBuildConfiguration section */

/* Begin XCConfigurationList section */
		A8B248E62657F07C0041B58C /* Build configuration list for PBXProject "shunka-shop" */ = {
			isa = XCConfigurationList;
			buildConfigurations = (
				A8B2490E2657F07E0041B58C /* Debug */,
				A8EC067F2664F3DA0047F5A7 /* Staging */,
				A8B2490F2657F07E0041B58C /* Release */,
			);
			defaultConfigurationIsVisible = 0;
			defaultConfigurationName = Release;
		};
		A8B249102657F07E0041B58C /* Build configuration list for PBXNativeTarget "shunka-shop" */ = {
			isa = XCConfigurationList;
			buildConfigurations = (
				A8B249112657F07E0041B58C /* Debug */,
				A8EC06802664F3DA0047F5A7 /* Staging */,
				A8B249122657F07E0041B58C /* Release */,
			);
			defaultConfigurationIsVisible = 0;
			defaultConfigurationName = Release;
		};
		A8B249132657F07E0041B58C /* Build configuration list for PBXNativeTarget "shunka-shopTests" */ = {
			isa = XCConfigurationList;
			buildConfigurations = (
				A8B249142657F07E0041B58C /* Debug */,
				A8EC06812664F3DA0047F5A7 /* Staging */,
				A8B249152657F07E0041B58C /* Release */,
			);
			defaultConfigurationIsVisible = 0;
			defaultConfigurationName = Release;
		};
		A8B249162657F07E0041B58C /* Build configuration list for PBXNativeTarget "shunka-shopUITests" */ = {
			isa = XCConfigurationList;
			buildConfigurations = (
				A8B249172657F07E0041B58C /* Debug */,
				A8EC06822664F3DA0047F5A7 /* Staging */,
				A8B249182657F07E0041B58C /* Release */,
			);
			defaultConfigurationIsVisible = 0;
			defaultConfigurationName = Release;
		};
/* End XCConfigurationList section */
	};
	rootObject = A8B248E32657F07C0041B58C /* Project object */;
}
